
Microsoft Visual Studio Solution File, Format Version 12.00
Project("{FAE04EC0-301F-11D3-BF4B-00C04F79EFBC}") = "Mafia-server", "Mafia-server\Mafia-server.csproj", "{22B8F495-7A5A-4BAD-9F24-8F0C49613CB9}"
EndProject
Project("{FAE04EC0-301F-11D3-BF4B-00C04F79EFBC}") = "Mafia-client", "Mafia-client\Mafia-client.csproj", "{3F2B5509-2ED6-449A-BA45-43D19EC88794}"
EndProject
Global
	GlobalSection(SolutionConfigurationPlatforms) = preSolution
		Debug|Any CPU = Debug|Any CPU
		Release|Any CPU = Release|Any CPU
	EndGlobalSection
	GlobalSection(ProjectConfigurationPlatforms) = postSolution
		{22B8F495-7A5A-4BAD-9F24-8F0C49613CB9}.Debug|Any CPU.ActiveCfg = Debug|Any CPU
		{22B8F495-7A5A-4BAD-9F24-8F0C49613CB9}.Debug|Any CPU.Build.0 = Debug|Any CPU
		{22B8F495-7A5A-4BAD-9F24-8F0C49613CB9}.Release|Any CPU.ActiveCfg = Release|Any CPU
		{22B8F495-7A5A-4BAD-9F24-8F0C49613CB9}.Release|Any CPU.Build.0 = Release|Any CPU
		{3F2B5509-2ED6-449A-BA45-43D19EC88794}.Debug|Any CPU.ActiveCfg = Debug|Any CPU
		{3F2B5509-2ED6-449A-BA45-43D19EC88794}.Debug|Any CPU.Build.0 = Debug|Any CPU
		{3F2B5509-2ED6-449A-BA45-43D19EC88794}.Release|Any CPU.ActiveCfg = Release|Any CPU
		{3F2B5509-2ED6-449A-BA45-43D19EC88794}.Release|Any CPU.Build.0 = Release|Any CPU
	EndGlobalSection
EndGlobal
